
Microsoft Visual Studio Solution File, Format Version 12.00
# Visual Studio Version 16
VisualStudioVersion = 16.0.30413.136
MinimumVisualStudioVersion = 10.0.40219.1
Project("{FAE04EC0-301F-11D3-BF4B-00C04F79EFBC}") = "ImageComparisonRanker", "ImageComparisonRanker\ImageComparisonRanker.csproj", "{DFA19C05-BA66-4BB3-BBB9-CE9B27A3DB33}"
EndProject
Global
	GlobalSection(SolutionConfigurationPlatforms) = preSolution
		Debug|Any CPU = Debug|Any CPU
		Release|Any CPU = Release|Any CPU
	EndGlobalSection
	GlobalSection(ProjectConfigurationPlatforms) = postSolution
		{DFA19C05-BA66-4BB3-BBB9-CE9B27A3DB33}.Debug|Any CPU.ActiveCfg = Debug|Any CPU
		{DFA19C05-BA66-4BB3-BBB9-CE9B27A3DB33}.Debug|Any CPU.Build.0 = Debug|Any CPU
		{DFA19C05-BA66-4BB3-BBB9-CE9B27A3DB33}.Release|Any CPU.ActiveCfg = Release|Any CPU
		{DFA19C05-BA66-4BB3-BBB9-CE9B27A3DB33}.Release|Any CPU.Build.0 = Release|Any CPU
	EndGlobalSection
	GlobalSection(SolutionProperties) = preSolution
		HideSolutionNode = FALSE
	EndGlobalSection
	GlobalSection(ExtensibilityGlobals) = postSolution
		SolutionGuid = {C8F7F557-B3B4-49ED-8F70-F434AFBC86DA}
	EndGlobalSection
EndGlobal
